
Microsoft Visual Studio Solution File, Format Version 12.00
# Visual Studio Version 16
VisualStudioVersion = 16.0.30309.148
MinimumVisualStudioVersion = 10.0.40219.1
Project("{FAE04EC0-301F-11D3-BF4B-00C04F79EFBC}") = "personal-site", "personal-site\personal-site.csproj", "{1FBDC015-1CBD-4EEF-970A-649EACFCBA80}"
EndProject
Global
	GlobalSection(SolutionConfigurationPlatforms) = preSolution
		Debug|Any CPU = Debug|Any CPU
		Release|Any CPU = Release|Any CPU
	EndGlobalSection
	GlobalSection(ProjectConfigurationPlatforms) = postSolution
		{1FBDC015-1CBD-4EEF-970A-649EACFCBA80}.Debug|Any CPU.ActiveCfg = Debug|Any CPU
		{1FBDC015-1CBD-4EEF-970A-649EACFCBA80}.Debug|Any CPU.Build.0 = Debug|Any CPU
		{1FBDC015-1CBD-4EEF-970A-649EACFCBA80}.Release|Any CPU.ActiveCfg = Release|Any CPU
		{1FBDC015-1CBD-4EEF-970A-649EACFCBA80}.Release|Any CPU.Build.0 = Release|Any CPU
	EndGlobalSection
	GlobalSection(SolutionProperties) = preSolution
		HideSolutionNode = FALSE
	EndGlobalSection
	GlobalSection(ExtensibilityGlobals) = postSolution
		SolutionGuid = {F829F503-1226-475A-8A89-F5617A693B27}
	EndGlobalSection
EndGlobal
